
Microsoft Visual Studio Solution File, Format Version 12.00
# Visual Studio Version 16
VisualStudioVersion = 16.0.31005.135
MinimumVisualStudioVersion = 10.0.40219.1
Project("{FAE04EC0-301F-11D3-BF4B-00C04F79EFBC}") = "WCFService_2Way_126", "WCFService_2Way_126\WCFService_2Way_126.csproj", "{4F777D8A-3310-4DCB-A715-AA9C57FD8AFC}"
EndProject
Global
	GlobalSection(SolutionConfigurationPlatforms) = preSolution
		Debug|Any CPU = Debug|Any CPU
		Release|Any CPU = Release|Any CPU
	EndGlobalSection
	GlobalSection(ProjectConfigurationPlatforms) = postSolution
		{4F777D8A-3310-4DCB-A715-AA9C57FD8AFC}.Debug|Any CPU.ActiveCfg = Debug|Any CPU
		{4F777D8A-3310-4DCB-A715-AA9C57FD8AFC}.Debug|Any CPU.Build.0 = Debug|Any CPU
		{4F777D8A-3310-4DCB-A715-AA9C57FD8AFC}.Release|Any CPU.ActiveCfg = Release|Any CPU
		{4F777D8A-3310-4DCB-A715-AA9C57FD8AFC}.Release|Any CPU.Build.0 = Release|Any CPU
	EndGlobalSection
	GlobalSection(SolutionProperties) = preSolution
		HideSolutionNode = FALSE
	EndGlobalSection
	GlobalSection(ExtensibilityGlobals) = postSolution
		SolutionGuid = {D479B7AC-0D7F-4CA6-8175-91B14B6CF548}
	EndGlobalSection
EndGlobal
